
Microsoft Visual Studio Solution File, Format Version 12.00
# Visual Studio Version 16
VisualStudioVersion = 16.0.30406.217
MinimumVisualStudioVersion = 10.0.40219.1
Project("{FAE04EC0-301F-11D3-BF4B-00C04F79EFBC}") = "Semafori-Ponte", "Semafori-Ponte\Semafori-Ponte.csproj", "{44182796-8051-4FD1-91B3-AD6298F21EE3}"
EndProject
Global
	GlobalSection(SolutionConfigurationPlatforms) = preSolution
		Debug|Any CPU = Debug|Any CPU
		Release|Any CPU = Release|Any CPU
	EndGlobalSection
	GlobalSection(ProjectConfigurationPlatforms) = postSolution
		{44182796-8051-4FD1-91B3-AD6298F21EE3}.Debug|Any CPU.ActiveCfg = Debug|Any CPU
		{44182796-8051-4FD1-91B3-AD6298F21EE3}.Debug|Any CPU.Build.0 = Debug|Any CPU
		{44182796-8051-4FD1-91B3-AD6298F21EE3}.Release|Any CPU.ActiveCfg = Release|Any CPU
		{44182796-8051-4FD1-91B3-AD6298F21EE3}.Release|Any CPU.Build.0 = Release|Any CPU
	EndGlobalSection
	GlobalSection(SolutionProperties) = preSolution
		HideSolutionNode = FALSE
	EndGlobalSection
	GlobalSection(ExtensibilityGlobals) = postSolution
		SolutionGuid = {C3F7CC04-A8D4-4CF5-A2DD-45B8F985258D}
	EndGlobalSection
EndGlobal
